
Microsoft Visual Studio Solution File, Format Version 12.00
# Visual Studio 2013
VisualStudioVersion = 12.0.21005.1
MinimumVisualStudioVersion = 10.0.40219.1
Project("{A0786B88-2ADB-4C21-ABE8-AA2D79766269}") = "wmcproj", "wmcproj\wmcproj.phpproj", "{84596FD9-ED57-4F13-8749-B800E095203C}"
EndProject
Project("{F088123C-0E9E-452A-89E6-6BA2F21D5CAC}") = "ModelingProject1", "ModelingProject1\ModelingProject1.modelproj", "{AED1F433-9E26-46B2-9325-E973F6D775D4}"
EndProject
Global
	GlobalSection(SolutionConfigurationPlatforms) = preSolution
		Debug|Any CPU = Debug|Any CPU
		Release|Any CPU = Release|Any CPU
	EndGlobalSection
	GlobalSection(ProjectConfigurationPlatforms) = postSolution
		{84596FD9-ED57-4F13-8749-B800E095203C}.Debug|Any CPU.ActiveCfg = Debug|Any CPU
		{84596FD9-ED57-4F13-8749-B800E095203C}.Debug|Any CPU.Build.0 = Debug|Any CPU
		{84596FD9-ED57-4F13-8749-B800E095203C}.Release|Any CPU.ActiveCfg = Release|Any CPU
		{84596FD9-ED57-4F13-8749-B800E095203C}.Release|Any CPU.Build.0 = Release|Any CPU
		{AED1F433-9E26-46B2-9325-E973F6D775D4}.Debug|Any CPU.ActiveCfg = Debug|Any CPU
		{AED1F433-9E26-46B2-9325-E973F6D775D4}.Debug|Any CPU.Build.0 = Debug|Any CPU
		{AED1F433-9E26-46B2-9325-E973F6D775D4}.Release|Any CPU.ActiveCfg = Release|Any CPU
		{AED1F433-9E26-46B2-9325-E973F6D775D4}.Release|Any CPU.Build.0 = Release|Any CPU
	EndGlobalSection
	GlobalSection(SolutionProperties) = preSolution
		HideSolutionNode = FALSE
	EndGlobalSection
EndGlobal
